{
  "name": "pdf-workspace",
  "version": "1.0.0",
  "lockfileVersion": 3,
  "requires": true,
  "packages": {
    "": {
      "name": "pdf-workspace",
      "version": "1.0.0",
      "license": "MIT",
      "dependencies": {
        "html2pdf.js": "^0.10.3",
        "pdf-lib": "^1.17.1",
        "pdfjs-dist": "^5.4.54"
      }
    }
  }
}
